// !$*UTF8*$!
{
	archiveVersion = 1;
	classes = {
	};
	objectVersion = 48;
	objects = {

/* Begin PBXBuildFile section */
		CFA845A31FDE26080044BF52 /* AppDelegate.swift in Sources */ = {isa = PBXBuildFile; fileRef = CFA845A21FDE26080044BF52 /* AppDelegate.swift */; };
		CFA845A51FDE26080044BF52 /* ViewController.swift in Sources */ = {isa = PBXBuildFile; fileRef = CFA845A41FDE26080044BF52 /* ViewController.swift */; };
		CFA845A81FDE26080044BF52 /* Main.storyboard in Resources */ = {isa = PBXBuildFile; fileRef = CFA845A61FDE26080044BF52 /* Main.storyboard */; };
		CFA845AA1FDE26080044BF52 /* Assets.xcassets in Resources */ = {isa = PBXBuildFile; fileRef = CFA845A91FDE26080044BF52 /* Assets.xcassets */; };
		CFA845AD1FDE26080044BF52 /* LaunchScreen.storyboard in Resources */ = {isa = PBXBuildFile; fileRef = CFA845AB1FDE26080044BF52 /* LaunchScreen.storyboard */; };
		CFA845B81FDE26080044BF52 /* bot_testUITests.swift in Sources */ = {isa = PBXBuildFile; fileRef = CFA845B71FDE26080044BF52 /* bot_testUITests.swift */; };
/* End PBXBuildFile section */

/* Begin PBXContainerItemProxy section */
		CFA845B41FDE26080044BF52 /* PBXContainerItemProxy */ = {
			isa = PBXContainerItemProxy;
			containerPortal = CFA845971FDE26080044BF52 /* Project object */;
			proxyType = 1;
			remoteGlobalIDString = CFA8459E1FDE26080044BF52;
			remoteInfo = bot_test;
		};
/* End PBXContainerItemProxy section */

/* Begin PBXFileReference section */
		CFA8459F1FDE26080044BF52 /* bot_test.app */ = {isa = PBXFileReference; explicitFileType = wrapper.application; includeInIndex = 0; path = bot_test.app; sourceTree = BUILT_PRODUCTS_DIR; };
		CFA845A21FDE26080044BF52 /* AppDelegate.swift */ = {isa = PBXFileReference; lastKnownFileType = sourcecode.swift; path = AppDelegate.swift; sourceTree = "<group>"; };
		CFA845A41FDE26080044BF52 /* ViewController.swift */ = {isa = PBXFileReference; lastKnownFileType = sourcecode.swift; path = ViewController.swift; sourceTree = "<group>"; };
		CFA845A71FDE26080044BF52 /* Base */ = {isa = PBXFileReference; lastKnownFileType = file.storyboard; name = Base; path = Base.lproj/Main.storyboard; sourceTree = "<group>"; };
		CFA845A91FDE26080044BF52 /* Assets.xcassets */ = {isa = PBXFileReference; lastKnownFileType = folder.assetcatalog; path = Assets.xcassets; sourceTree = "<group>"; };
		CFA845AC1FDE26080044BF52 /* Base */ = {isa = PBXFileReference; lastKnownFileType = file.storyboard; name = Base; path = Base.lproj/LaunchScreen.storyboard; sourceTree = "<group>"; };
		CFA845AE1FDE26080044BF52 /* Info.plist */ = {isa = PBXFileReference; lastKnownFileType = text.plist.xml; path = Info.plist; sourceTree = "<group>"; };
		CFA845B31FDE26080044BF52 /* bot_testUITests.xctest */ = {isa = PBXFileReference; explicitFileType = wrapper.cfbundle; includeInIndex = 0; path = bot_testUITests.xctest; sourceTree = BUILT_PRODUCTS_DIR; };
		CFA845B71FDE26080044BF52 /* bot_testUITests.swift */ = {isa = PBXFileReference; lastKnownFileType = sourcecode.swift; path = bot_testUITests.swift; sourceTree = "<group>"; };
		CFA845B91FDE26080044BF52 /* Info.plist */ = {isa = PBXFileReference; lastKnownFileType = text.plist.xml; path = Info.plist; sourceTree = "<group>"; };
/* End PBXFileReference section */

/* Begin PBXFrameworksBuildPhase section */
		CFA8459C1FDE26080044BF52 /* Frameworks */ = {
			isa = PBXFrameworksBuildPhase;
			buildActionMask = 2147483647;
			files = (
			);
			runOnlyForDeploymentPostprocessing = 0;
		};
		CFA845B01FDE26080044BF52 /* Frameworks */ = {
			isa = PBXFrameworksBuildPhase;
			buildActionMask = 2147483647;
			files = (
			);
			runOnlyForDeploymentPostprocessing = 0;
		};
/* End PBXFrameworksBuildPhase section */

/* Begin PBXGroup section */
		CFA845961FDE26080044BF52 = {
			isa = PBXGroup;
			children = (
				CFA845A11FDE26080044BF52 /* bot_test */,
				CFA845B61FDE26080044BF52 /* bot_testUITests */,
				CFA845A01FDE26080044BF52 /* Products */,
			);
			sourceTree = "<group>";
		};
		CFA845A01FDE26080044BF52 /* Products */ = {
			isa = PBXGroup;
			children = (
				CFA8459F1FDE26080044BF52 /* bot_test.app */,
				CFA845B31FDE26080044BF52 /* bot_testUITests.xctest */,
			);
			name = Products;
			sourceTree = "<group>";
		};
		CFA845A11FDE26080044BF52 /* bot_test */ = {
			isa = PBXGroup;
			children = (
				CFA845A21FDE26080044BF52 /* AppDelegate.swift */,
				CFA845A41FDE26080044BF52 /* ViewController.swift */,
				CFA845A61FDE26080044BF52 /* Main.storyboard */,
				CFA845A91FDE26080044BF52 /* Assets.xcassets */,
				CFA845AB1FDE26080044BF52 /* LaunchScreen.storyboard */,
				CFA845AE1FDE26080044BF52 /* Info.plist */,
			);
			path = bot_test;
			sourceTree = "<group>";
		};
		CFA845B61FDE26080044BF52 /* bot_testUITests */ = {
			isa = PBXGroup;
			children = (
				CFA845B71FDE26080044BF52 /* bot_testUITests.swift */,
				CFA845B91FDE26080044BF52 /* Info.plist */,
			);
			path = bot_testUITests;
			sourceTree = "<group>";
		};
/* End PBXGroup section */

/* Begin PBXNativeTarget section */
		CFA8459E1FDE26080044BF52 /* bot_test */ = {
			isa = PBXNativeTarget;
			buildConfigurationList = CFA845BC1FDE26080044BF52 /* Build configuration list for PBXNativeTarget "bot_test" */;
			buildPhases = (
				CFA8459B1FDE26080044BF52 /* Sources */,
				CFA8459C1FDE26080044BF52 /* Frameworks */,
				CFA8459D1FDE26080044BF52 /* Resources */,
			);
			buildRules = (
			);
			dependencies = (
			);
			name = bot_test;
			productName = bot_test;
			productReference = CFA8459F1FDE26080044BF52 /* bot_test.app */;
			productType = "com.apple.product-type.application";
		};
		CFA845B21FDE26080044BF52 /* bot_testUITests */ = {
			isa = PBXNativeTarget;
			buildConfigurationList = CFA845BF1FDE26080044BF52 /* Build configuration list for PBXNativeTarget "bot_testUITests" */;
			buildPhases = (
				CFA845AF1FDE26080044BF52 /* Sources */,
				CFA845B01FDE26080044BF52 /* Frameworks */,
				CFA845B11FDE26080044BF52 /* Resources */,
			);
			buildRules = (
			);
			dependencies = (
				CFA845B51FDE26080044BF52 /* PBXTargetDependency */,
			);
			name = bot_testUITests;
			productName = bot_testUITests;
			productReference = CFA845B31FDE26080044BF52 /* bot_testUITests.xctest */;
			productType = "com.apple.product-type.bundle.ui-testing";
		};
/* End PBXNativeTarget section */

/* Begin PBXProject section */
		CFA845971FDE26080044BF52 /* Project object */ = {
			isa = PBXProject;
			attributes = {
				LastSwiftUpdateCheck = 0910;
				LastUpgradeCheck = 0910;
				ORGANIZATIONNAME = LokeshReddy;
				TargetAttributes = {
					CFA8459E1FDE26080044BF52 = {
						CreatedOnToolsVersion = 9.1;
						ProvisioningStyle = Automatic;
					};
					CFA845B21FDE26080044BF52 = {
						CreatedOnToolsVersion = 9.1;
						ProvisioningStyle = Automatic;
						TestTargetID = CFA8459E1FDE26080044BF52;
					};
				};
			};
			buildConfigurationList = CFA8459A1FDE26080044BF52 /* Build configuration list for PBXProject "bot_test" */;
			compatibilityVersion = "Xcode 8.0";
			developmentRegion = en;
			hasScannedForEncodings = 0;
			knownRegions = (
				en,
				Base,
			);
			mainGroup = CFA845961FDE26080044BF52;
			productRefGroup = CFA845A01FDE26080044BF52 /* Products */;
			projectDirPath = "";
			projectRoot = "";
			targets = (
				CFA8459E1FDE26080044BF52 /* bot_test */,
				CFA845B21FDE26080044BF52 /* bot_testUITests */,
			);
		};
/* End PBXProject section */

/* Begin PBXResourcesBuildPhase section */
		CFA8459D1FDE26080044BF52 /* Resources */ = {
			isa = PBXResourcesBuildPhase;
			buildActionMask = 2147483647;
			files = (
				CFA845AD1FDE26080044BF52 /* LaunchScreen.storyboard in Resources */,
				CFA845AA1FDE26080044BF52 /* Assets.xcassets in Resources */,
				CFA845A81FDE26080044BF52 /* Main.storyboard in Resources */,
			);
			runOnlyForDeploymentPostprocessing = 0;
		};
		CFA845B11FDE26080044BF52 /* Resources */ = {
			isa = PBXResourcesBuildPhase;
			buildActionMask = 2147483647;
			files = (
			);
			runOnlyForDeploymentPostprocessing = 0;
		};
/* End PBXResourcesBuildPhase section */

/* Begin PBXSourcesBuildPhase section */
		CFA8459B1FDE26080044BF52 /* Sources */ = {
			isa = PBXSourcesBuildPhase;
			buildActionMask = 2147483647;
			files = (
				CFA845A51FDE26080044BF52 /* ViewController.swift in Sources */,
				CFA845A31FDE26080044BF52 /* AppDelegate.swift in Sources */,
			);
			runOnlyForDeploymentPostprocessing = 0;
		};
		CFA845AF1FDE26080044BF52 /* Sources */ = {
			isa = PBXSourcesBuildPhase;
			buildActionMask = 2147483647;
			files = (
				CFA845B81FDE26080044BF52 /* bot_testUITests.swift in Sources */,
			);
			runOnlyForDeploymentPostprocessing = 0;
		};
/* End PBXSourcesBuildPhase section */

/* Begin PBXTargetDependency section */
		CFA845B51FDE26080044BF52 /* PBXTargetDependency */ = {
			isa = PBXTargetDependency;
			target = CFA8459E1FDE26080044BF52 /* bot_test */;
			targetProxy = CFA845B41FDE26080044BF52 /* PBXContainerItemProxy */;
		};
/* End PBXTargetDependency section */

/* Begin PBXVariantGroup section */
		CFA845A61FDE26080044BF52 /* Main.storyboard */ = {
			isa = PBXVariantGroup;
			children = (
				CFA845A71FDE26080044BF52 /* Base */,
			);
			name = Main.storyboard;
			sourceTree = "<group>";
		};
		CFA845AB1FDE26080044BF52 /* LaunchScreen.storyboard */ = {
			isa = PBXVariantGroup;
			children = (
				CFA845AC1FDE26080044BF52 /* Base */,
			);
			name = LaunchScreen.storyboard;
			sourceTree = "<group>";
		};
/* End PBXVariantGroup section */

/* Begin XCBuildConfiguration section */
		CFA845BA1FDE26080044BF52 /* Debug */ = {
			isa = XCBuildConfiguration;
			buildSettings = {
				ALWAYS_SEARCH_USER_PATHS = NO;
				CLANG_ANALYZER_NONNULL = YES;
				CLANG_ANALYZER_NUMBER_OBJECT_CONVERSION = YES_AGGRESSIVE;
				CLANG_CXX_LANGUAGE_STANDARD = "gnu++14";
				CLANG_CXX_LIBRARY = "libc++";
				CLANG_ENABLE_MODULES = YES;
				CLANG_ENABLE_OBJC_ARC = YES;
				CLANG_WARN_BLOCK_CAPTURE_AUTORELEASING = YES;
				CLANG_WARN_BOOL_CONVERSION = YES;
				CLANG_WARN_COMMA = YES;
				CLANG_WARN_CONSTANT_CONVERSION = YES;
				CLANG_WARN_DIRECT_OBJC_ISA_USAGE = YES_ERROR;
				CLANG_WARN_DOCUMENTATION_COMMENTS = YES;
				CLANG_WARN_EMPTY_BODY = YES;
				CLANG_WARN_ENUM_CONVERSION = YES;
				CLANG_WARN_INFINITE_RECURSION = YES;
				CLANG_WARN_INT_CONVERSION = YES;
				CLANG_WARN_NON_LITERAL_NULL_CONVERSION = YES;
				CLANG_WARN_OBJC_LITERAL_CONVERSION = YES;
				CLANG_WARN_OBJC_ROOT_CLASS = YES_ERROR;
				CLANG_WARN_RANGE_LOOP_ANALYSIS = YES;
				CLANG_WARN_STRICT_PROTOTYPES = YES;
				CLANG_WARN_SUSPICIOUS_MOVE = YES;
				CLANG_WARN_UNGUARDED_AVAILABILITY = YES_AGGRESSIVE;
				CLANG_WARN_UNREACHABLE_CODE = YES;
				CLANG_WARN__DUPLICATE_METHOD_MATCH = YES;
				CODE_SIGN_IDENTITY = "iPhone Developer";
				COPY_PHASE_STRIP = NO;
				DEBUG_INFORMATION_FORMAT = dwarf;
				ENABLE_STRICT_OBJC_MSGSEND = YES;
				ENABLE_TESTABILITY = YES;
				GCC_C_LANGUAGE_STANDARD = gnu11;
				GCC_DYNAMIC_NO_PIC = NO;
				GCC_NO_COMMON_BLOCKS = YES;
				GCC_OPTIMIZATION_LEVEL = 0;
				GCC_PREPROCESSOR_DEFINITIONS = (
					"DEBUG=1",
					"$(inherited)",
				);
				GCC_WARN_64_TO_32_BIT_CONVERSION = YES;
				GCC_WARN_ABOUT_RETURN_TYPE = YES_ERROR;
				GCC_WARN_UNDECLARED_SELECTOR = YES;
				GCC_WARN_UNINITIALIZED_AUTOS = YES_AGGRESSIVE;
				GCC_WARN_UNUSED_FUNCTION = YES;
				GCC_WARN_UNUSED_VARIABLE = YES;
				IPHONEOS_DEPLOYMENT_TARGET = 11.1;
				MTL_ENABLE_DEBUG_INFO = YES;
				ONLY_ACTIVE_ARCH = YES;
				SDKROOT = iphoneos;
				SWIFT_ACTIVE_COMPILATION_CONDITIONS = DEBUG;
				SWIFT_OPTIMIZATION_LEVEL = "-Onone";
			};
			name = Debug;
		};
		CFA845BB1FDE26080044BF52 /* Release */ = {
			isa = XCBuildConfiguration;
			buildSettings = {
				ALWAYS_SEARCH_USER_PATHS = NO;
				CLANG_ANALYZER_NONNULL = YES;
				CLANG_ANALYZER_NUMBER_OBJECT_CONVERSION = YES_AGGRESSIVE;
				CLANG_CXX_LANGUAGE_STANDARD = "gnu++14";
				CLANG_CXX_LIBRARY = "libc++";
				CLANG_ENABLE_MODULES = YES;
				CLANG_ENABLE_OBJC_ARC = YES;
				CLANG_WARN_BLOCK_CAPTURE_AUTORELEASING = YES;
				CLANG_WARN_BOOL_CONVERSION = YES;
				CLANG_WARN_COMMA = YES;
				CLANG_WARN_CONSTANT_CONVERSION = YES;
				CLANG_WARN_DIRECT_OBJC_ISA_USAGE = YES_ERROR;
				CLANG_WARN_DOCUMENTATION_COMMENTS = YES;
				CLANG_WARN_EMPTY_BODY = YES;
				CLANG_WARN_ENUM_CONVERSION = YES;
				CLANG_WARN_INFINITE_RECURSION = YES;
				CLANG_WARN_INT_CONVERSION = YES;
				CLANG_WARN_NON_LITERAL_NULL_CONVERSION = YES;
				CLANG_WARN_OBJC_LITERAL_CONVERSION = YES;
				CLANG_WARN_OBJC_ROOT_CLASS = YES_ERROR;
				CLANG_WARN_RANGE_LOOP_ANALYSIS = YES;
				CLANG_WARN_STRICT_PROTOTYPES = YES;
				CLANG_WARN_SUSPICIOUS_MOVE = YES;
				CLANG_WARN_UNGUARDED_AVAILABILITY = YES_AGGRESSIVE;
				CLANG_WARN_UNREACHABLE_CODE = YES;
				CLANG_WARN__DUPLICATE_METHOD_MATCH = YES;
				CODE_SIGN_IDENTITY = "iPhone Developer";
				COPY_PHASE_STRIP = NO;
				DEBUG_INFORMATION_FORMAT = "dwarf-with-dsym";
				ENABLE_NS_ASSERTIONS = NO;
				ENABLE_STRICT_OBJC_MSGSEND = YES;
				GCC_C_LANGUAGE_STANDARD = gnu11;
				GCC_NO_COMMON_BLOCKS = YES;
				GCC_WARN_64_TO_32_BIT_CONVERSION = YES;
				GCC_WARN_ABOUT_RETURN_TYPE = YES_ERROR;
				GCC_WARN_UNDECLARED_SELECTOR = YES;
				GCC_WARN_UNINITIALIZED_AUTOS = YES_AGGRESSIVE;
				GCC_WARN_UNUSED_FUNCTION = YES;
				GCC_WARN_UNUSED_VARIABLE = YES;
				IPHONEOS_DEPLOYMENT_TARGET = 11.1;
				MTL_ENABLE_DEBUG_INFO = NO;
				SDKROOT = iphoneos;
				SWIFT_OPTIMIZATION_LEVEL = "-Owholemodule";
				VALIDATE_PRODUCT = YES;
			};
			name = Release;
		};
		CFA845BD1FDE26080044BF52 /* Debug */ = {
			isa = XCBuildConfiguration;
			buildSettings = {
				ASSETCATALOG_COMPILER_APPICON_NAME = AppIcon;
				CODE_SIGN_STYLE = Automatic;
				DEVELOPMENT_TEAM = 6NQPS8KNZG;
				INFOPLIST_FILE = bot_test/Info.plist;
				LD_RUNPATH_SEARCH_PATHS = "$(inherited) @executable_path/Frameworks";
				PRODUCT_BUNDLE_IDENTIFIER = "com.loki-fire.bot-test";
				PRODUCT_NAME = "$(TARGET_NAME)";
				SWIFT_VERSION = 4.0;
				TARGETED_DEVICE_FAMILY = "1,2";
			};
			name = Debug;
		};
		CFA845BE1FDE26080044BF52 /* Release */ = {
			isa = XCBuildConfiguration;
			buildSettings = {
				ASSETCATALOG_COMPILER_APPICON_NAME = AppIcon;
				CODE_SIGN_STYLE = Automatic;
				DEVELOPMENT_TEAM = 6NQPS8KNZG;
				INFOPLIST_FILE = bot_test/Info.plist;
				LD_RUNPATH_SEARCH_PATHS = "$(inherited) @executable_path/Frameworks";
				PRODUCT_BUNDLE_IDENTIFIER = "com.loki-fire.bot-test";
				PRODUCT_NAME = "$(TARGET_NAME)";
				SWIFT_VERSION = 4.0;
				TARGETED_DEVICE_FAMILY = "1,2";
			};
			name = Release;
		};
		CFA845C01FDE26080044BF52 /* Debug */ = {
			isa = XCBuildConfiguration;
			buildSettings = {
				ALWAYS_EMBED_SWIFT_STANDARD_LIBRARIES = YES;
				CODE_SIGN_STYLE = Automatic;
				DEVELOPMENT_TEAM = 6NQPS8KNZG;
				INFOPLIST_FILE = bot_testUITests/Info.plist;
				LD_RUNPATH_SEARCH_PATHS = "$(inherited) @executable_path/Frameworks @loader_path/Frameworks";
				PRODUCT_BUNDLE_IDENTIFIER = "com.loki-fire.bot-testUITests";
				PRODUCT_NAME = "$(TARGET_NAME)";
				SWIFT_VERSION = 4.0;
				TARGETED_DEVICE_FAMILY = "1,2";
				TEST_TARGET_NAME = bot_test;
			};
			name = Debug;
		};
		CFA845C11FDE26080044BF52 /* Release */ = {
			isa = XCBuildConfiguration;
			buildSettings = {
				ALWAYS_EMBED_SWIFT_STANDARD_LIBRARIES = YES;
				CODE_SIGN_STYLE = Automatic;
				DEVELOPMENT_TEAM = 6NQPS8KNZG;
				INFOPLIST_FILE = bot_testUITests/Info.plist;
				LD_RUNPATH_SEARCH_PATHS = "$(inherited) @executable_path/Frameworks @loader_path/Frameworks";
				PRODUCT_BUNDLE_IDENTIFIER = "com.loki-fire.bot-testUITests";
				PRODUCT_NAME = "$(TARGET_NAME)";
				SWIFT_VERSION = 4.0;
				TARGETED_DEVICE_FAMILY = "1,2";
				TEST_TARGET_NAME = bot_test;
			};
			name = Release;
		};
/* End XCBuildConfiguration section */

/* Begin XCConfigurationList section */
		CFA8459A1FDE26080044BF52 /* Build configuration list for PBXProject "bot_test" */ = {
			isa = XCConfigurationList;
			buildConfigurations = (
				CFA845BA1FDE26080044BF52 /* Debug */,
				CFA845BB1FDE26080044BF52 /* Release */,
			);
			defaultConfigurationIsVisible = 0;
			defaultConfigurationName = Release;
		};
		CFA845BC1FDE26080044BF52 /* Build configuration list for PBXNativeTarget "bot_test" */ = {
			isa = XCConfigurationList;
			buildConfigurations = (
				CFA845BD1FDE26080044BF52 /* Debug */,
				CFA845BE1FDE26080044BF52 /* Release */,
			);
			defaultConfigurationIsVisible = 0;
			defaultConfigurationName = Release;
		};
		CFA845BF1FDE26080044BF52 /* Build configuration list for PBXNativeTarget "bot_testUITests" */ = {
			isa = XCConfigurationList;
			buildConfigurations = (
				CFA845C01FDE26080044BF52 /* Debug */,
				CFA845C11FDE26080044BF52 /* Release */,
			);
			defaultConfigurationIsVisible = 0;
			defaultConfigurationName = Release;
		};
/* End XCConfigurationList section */
	};
	rootObject = CFA845971FDE26080044BF52 /* Project object */;
}
